
Microsoft Visual Studio Solution File, Format Version 12.00
# Visual Studio 2013
VisualStudioVersion = 12.0.30501.0
MinimumVisualStudioVersion = 10.0.40219.1
Project("{FAE04EC0-301F-11D3-BF4B-00C04F79EFBC}") = "Attendance.Web", "Attendance.Web\Attendance.Web.csproj", "{F6552355-E776-439D-BA44-266227578992}"
EndProject
Project("{FAE04EC0-301F-11D3-BF4B-00C04F79EFBC}") = "Attendance.Web.Tests", "Attendance.Web.Tests\Attendance.Web.Tests.csproj", "{EC36E441-7DE8-4837-97C2-F7011CB58992}"
EndProject
Project("{FAE04EC0-301F-11D3-BF4B-00C04F79EFBC}") = "Attendance.DAL", "Attendance.DAL\Attendance.DAL.csproj", "{094D2CE3-0BCD-4777-BA17-56572FAC050D}"
EndProject
Project("{FAE04EC0-301F-11D3-BF4B-00C04F79EFBC}") = "Attendance.Domain", "Attendance.Domain\Attendance.Domain.csproj", "{DCBD2B44-898F-4769-9D81-26C8EF8C5753}"
EndProject
Project("{FAE04EC0-301F-11D3-BF4B-00C04F79EFBC}") = "Attendance.BLL", "Attendance.BLL\Attendance.BLL.csproj", "{4E98CC30-00DD-4534-991C-6A1E30C8CF6A}"
EndProject
Project("{FAE04EC0-301F-11D3-BF4B-00C04F79EFBC}") = "Attendance.ConsoleAppTools", "Attendance.ConsoleAppTools\Attendance.ConsoleAppTools.csproj", "{A84B1614-3620-473E-8443-71ADD29C924A}"
EndProject
Project("{FAE04EC0-301F-11D3-BF4B-00C04F79EFBC}") = "CDTool", "CDTool\CDTool.csproj", "{E2338846-6B5F-4A75-B9A0-E2D4D604F247}"
EndProject
Project("{FAE04EC0-301F-11D3-BF4B-00C04F79EFBC}") = "Node", "Node\Node.csproj", "{AFA3A710-5D81-4D2A-AA64-EDF251F733D4}"
EndProject
Project("{9092AA53-FB77-4645-B42D-1CCCA6BD08BD}") = "NodejsConsoleApp1", "NodejsConsoleApp1\NodejsConsoleApp1.njsproj", "{7CDF57AE-1F49-4DFB-BEE2-73233A1753D0}"
EndProject
Project("{9092AA53-FB77-4645-B42D-1CCCA6BD08BD}") = "NodeWebApp", "NodeWebApp\NodeWebApp.njsproj", "{03A8075C-201B-4E68-8665-3FC9EF08F511}"
EndProject
Project("{FAE04EC0-301F-11D3-BF4B-00C04F79EFBC}") = "Attendance.Console.Testing", "Attendance.Console.Testing\Attendance.Console.Testing.csproj", "{B2637B58-6177-48BA-8A72-413D74E82D43}"
EndProject
Project("{FAE04EC0-301F-11D3-BF4B-00C04F79EFBC}") = "MessageBoard", "MessageBoard\MessageBoard.csproj", "{FCD5A299-C525-4966-8B92-1B2F78B78517}"
EndProject
Project("{FAE04EC0-301F-11D3-BF4B-00C04F79EFBC}") = "Ositos5", "Ositos5\Ositos5.csproj", "{BB80950E-E433-43A7-8382-14A0A8AD46E7}"
EndProject
Project("{FAE04EC0-301F-11D3-BF4B-00C04F79EFBC}") = "Delete.Delegates.BookStore", "Delete.Delegates.BookStore\Delete.Delegates.BookStore.csproj", "{0F803190-195E-4302-BA35-FAFAC60B3BED}"
EndProject
Project("{FAE04EC0-301F-11D3-BF4B-00C04F79EFBC}") = "Delete.Delegates.BookTestClient", "Delete.Delegates.BookTestClient\Delete.Delegates.BookTestClient.csproj", "{577A75C1-0602-412D-B6E6-7801A1014A24}"
EndProject
Project("{FAE04EC0-301F-11D3-BF4B-00C04F79EFBC}") = "Tutorial.BackgroundWorker2", "Tutorial.BackgroundWorker2\Tutorial.BackgroundWorker2.csproj", "{802962E0-9C3A-4C76-8856-CC265D9B83F2}"
EndProject
Project("{FAE04EC0-301F-11D3-BF4B-00C04F79EFBC}") = "Ositos.EmailService", "Ositos.EmailService\Ositos.EmailService.csproj", "{FC9D7F09-FF58-435D-A4A1-6996F7DE8A9C}"
EndProject
Project("{FAE04EC0-301F-11D3-BF4B-00C04F79EFBC}") = "Ositos.EmailService2", "Ositos.EmailService2\Ositos.EmailService2.csproj", "{6186C227-4EE5-4801-BFAE-C4ABC9C4941F}"
EndProject
Project("{FAE04EC0-301F-11D3-BF4B-00C04F79EFBC}") = "Ositos.StoreContactRecord", "Ositos.StoreContactRecord\Ositos.StoreContactRecord.csproj", "{36229F47-8BF8-473F-B821-5F03364FA3E6}"
EndProject
Project("{2150E333-8FDC-42A3-9474-1A3956D46DE8}") = ".nuget", ".nuget", "{563D7964-9369-4053-983D-6DC4D0156420}"
	ProjectSection(SolutionItems) = preProject
		.nuget\NuGet.Config = .nuget\NuGet.Config
		.nuget\NuGet.exe = .nuget\NuGet.exe
		.nuget\NuGet.targets = .nuget\NuGet.targets
	EndProjectSection
EndProject
Project("{FAE04EC0-301F-11D3-BF4B-00C04F79EFBC}") = "DeleteTestContactRecord", "DeleteTestContactRecord\DeleteTestContactRecord.csproj", "{516E87E1-E07C-4ED0-A6A8-2E6209FEAC03}"
EndProject
Global
	GlobalSection(SolutionConfigurationPlatforms) = preSolution
		CD_ROM|Any CPU = CD_ROM|Any CPU
		Debug|Any CPU = Debug|Any CPU
		DVD-5|Any CPU = DVD-5|Any CPU
		Release|Any CPU = Release|Any CPU
		SingleImage|Any CPU = SingleImage|Any CPU
	EndGlobalSection
	GlobalSection(ProjectConfigurationPlatforms) = postSolution
		{F6552355-E776-439D-BA44-266227578992}.CD_ROM|Any CPU.ActiveCfg = Release|Any CPU
		{F6552355-E776-439D-BA44-266227578992}.CD_ROM|Any CPU.Build.0 = Release|Any CPU
		{F6552355-E776-439D-BA44-266227578992}.Debug|Any CPU.ActiveCfg = Debug|Any CPU
		{F6552355-E776-439D-BA44-266227578992}.Debug|Any CPU.Build.0 = Debug|Any CPU
		{F6552355-E776-439D-BA44-266227578992}.DVD-5|Any CPU.ActiveCfg = Debug|Any CPU
		{F6552355-E776-439D-BA44-266227578992}.DVD-5|Any CPU.Build.0 = Debug|Any CPU
		{F6552355-E776-439D-BA44-266227578992}.Release|Any CPU.ActiveCfg = Release|Any CPU
		{F6552355-E776-439D-BA44-266227578992}.Release|Any CPU.Build.0 = Release|Any CPU
		{F6552355-E776-439D-BA44-266227578992}.SingleImage|Any CPU.ActiveCfg = Release|Any CPU
		{F6552355-E776-439D-BA44-266227578992}.SingleImage|Any CPU.Build.0 = Release|Any CPU
		{EC36E441-7DE8-4837-97C2-F7011CB58992}.CD_ROM|Any CPU.ActiveCfg = Release|Any CPU
		{EC36E441-7DE8-4837-97C2-F7011CB58992}.CD_ROM|Any CPU.Build.0 = Release|Any CPU
		{EC36E441-7DE8-4837-97C2-F7011CB58992}.Debug|Any CPU.ActiveCfg = Debug|Any CPU
		{EC36E441-7DE8-4837-97C2-F7011CB58992}.Debug|Any CPU.Build.0 = Debug|Any CPU
		{EC36E441-7DE8-4837-97C2-F7011CB58992}.DVD-5|Any CPU.ActiveCfg = Debug|Any CPU
		{EC36E441-7DE8-4837-97C2-F7011CB58992}.DVD-5|Any CPU.Build.0 = Debug|Any CPU
		{EC36E441-7DE8-4837-97C2-F7011CB58992}.Release|Any CPU.ActiveCfg = Release|Any CPU
		{EC36E441-7DE8-4837-97C2-F7011CB58992}.Release|Any CPU.Build.0 = Release|Any CPU
		{EC36E441-7DE8-4837-97C2-F7011CB58992}.SingleImage|Any CPU.ActiveCfg = Release|Any CPU
		{EC36E441-7DE8-4837-97C2-F7011CB58992}.SingleImage|Any CPU.Build.0 = Release|Any CPU
		{094D2CE3-0BCD-4777-BA17-56572FAC050D}.CD_ROM|Any CPU.ActiveCfg = Release|Any CPU
		{094D2CE3-0BCD-4777-BA17-56572FAC050D}.CD_ROM|Any CPU.Build.0 = Release|Any CPU
		{094D2CE3-0BCD-4777-BA17-56572FAC050D}.Debug|Any CPU.ActiveCfg = Debug|Any CPU
		{094D2CE3-0BCD-4777-BA17-56572FAC050D}.Debug|Any CPU.Build.0 = Debug|Any CPU
		{094D2CE3-0BCD-4777-BA17-56572FAC050D}.DVD-5|Any CPU.ActiveCfg = Debug|Any CPU
		{094D2CE3-0BCD-4777-BA17-56572FAC050D}.DVD-5|Any CPU.Build.0 = Debug|Any CPU
		{094D2CE3-0BCD-4777-BA17-56572FAC050D}.Release|Any CPU.ActiveCfg = Release|Any CPU
		{094D2CE3-0BCD-4777-BA17-56572FAC050D}.Release|Any CPU.Build.0 = Release|Any CPU
		{094D2CE3-0BCD-4777-BA17-56572FAC050D}.SingleImage|Any CPU.ActiveCfg = Release|Any CPU
		{094D2CE3-0BCD-4777-BA17-56572FAC050D}.SingleImage|Any CPU.Build.0 = Release|Any CPU
		{DCBD2B44-898F-4769-9D81-26C8EF8C5753}.CD_ROM|Any CPU.ActiveCfg = Release|Any CPU
		{DCBD2B44-898F-4769-9D81-26C8EF8C5753}.CD_ROM|Any CPU.Build.0 = Release|Any CPU
		{DCBD2B44-898F-4769-9D81-26C8EF8C5753}.Debug|Any CPU.ActiveCfg = Debug|Any CPU
		{DCBD2B44-898F-4769-9D81-26C8EF8C5753}.Debug|Any CPU.Build.0 = Debug|Any CPU
		{DCBD2B44-898F-4769-9D81-26C8EF8C5753}.DVD-5|Any CPU.ActiveCfg = Debug|Any CPU
		{DCBD2B44-898F-4769-9D81-26C8EF8C5753}.DVD-5|Any CPU.Build.0 = Debug|Any CPU
		{DCBD2B44-898F-4769-9D81-26C8EF8C5753}.Release|Any CPU.ActiveCfg = Release|Any CPU
		{DCBD2B44-898F-4769-9D81-26C8EF8C5753}.Release|Any CPU.Build.0 = Release|Any CPU
		{DCBD2B44-898F-4769-9D81-26C8EF8C5753}.SingleImage|Any CPU.ActiveCfg = Release|Any CPU
		{DCBD2B44-898F-4769-9D81-26C8EF8C5753}.SingleImage|Any CPU.Build.0 = Release|Any CPU
		{4E98CC30-00DD-4534-991C-6A1E30C8CF6A}.CD_ROM|Any CPU.ActiveCfg = Release|Any CPU
		{4E98CC30-00DD-4534-991C-6A1E30C8CF6A}.CD_ROM|Any CPU.Build.0 = Release|Any CPU
		{4E98CC30-00DD-4534-991C-6A1E30C8CF6A}.Debug|Any CPU.ActiveCfg = Debug|Any CPU
		{4E98CC30-00DD-4534-991C-6A1E30C8CF6A}.Debug|Any CPU.Build.0 = Debug|Any CPU
		{4E98CC30-00DD-4534-991C-6A1E30C8CF6A}.DVD-5|Any CPU.ActiveCfg = Debug|Any CPU
		{4E98CC30-00DD-4534-991C-6A1E30C8CF6A}.DVD-5|Any CPU.Build.0 = Debug|Any CPU
		{4E98CC30-00DD-4534-991C-6A1E30C8CF6A}.Release|Any CPU.ActiveCfg = Release|Any CPU
		{4E98CC30-00DD-4534-991C-6A1E30C8CF6A}.Release|Any CPU.Build.0 = Release|Any CPU
		{4E98CC30-00DD-4534-991C-6A1E30C8CF6A}.SingleImage|Any CPU.ActiveCfg = Release|Any CPU
		{4E98CC30-00DD-4534-991C-6A1E30C8CF6A}.SingleImage|Any CPU.Build.0 = Release|Any CPU
		{A84B1614-3620-473E-8443-71ADD29C924A}.CD_ROM|Any CPU.ActiveCfg = Release|Any CPU
		{A84B1614-3620-473E-8443-71ADD29C924A}.CD_ROM|Any CPU.Build.0 = Release|Any CPU
		{A84B1614-3620-473E-8443-71ADD29C924A}.Debug|Any CPU.ActiveCfg = Debug|Any CPU
		{A84B1614-3620-473E-8443-71ADD29C924A}.Debug|Any CPU.Build.0 = Debug|Any CPU
		{A84B1614-3620-473E-8443-71ADD29C924A}.DVD-5|Any CPU.ActiveCfg = Debug|Any CPU
		{A84B1614-3620-473E-8443-71ADD29C924A}.DVD-5|Any CPU.Build.0 = Debug|Any CPU
		{A84B1614-3620-473E-8443-71ADD29C924A}.Release|Any CPU.ActiveCfg = Release|Any CPU
		{A84B1614-3620-473E-8443-71ADD29C924A}.Release|Any CPU.Build.0 = Release|Any CPU
		{A84B1614-3620-473E-8443-71ADD29C924A}.SingleImage|Any CPU.ActiveCfg = Release|Any CPU
		{A84B1614-3620-473E-8443-71ADD29C924A}.SingleImage|Any CPU.Build.0 = Release|Any CPU
		{E2338846-6B5F-4A75-B9A0-E2D4D604F247}.CD_ROM|Any CPU.ActiveCfg = Release|Any CPU
		{E2338846-6B5F-4A75-B9A0-E2D4D604F247}.CD_ROM|Any CPU.Build.0 = Release|Any CPU
		{E2338846-6B5F-4A75-B9A0-E2D4D604F247}.Debug|Any CPU.ActiveCfg = Debug|Any CPU
		{E2338846-6B5F-4A75-B9A0-E2D4D604F247}.Debug|Any CPU.Build.0 = Debug|Any CPU
		{E2338846-6B5F-4A75-B9A0-E2D4D604F247}.DVD-5|Any CPU.ActiveCfg = Debug|Any CPU
		{E2338846-6B5F-4A75-B9A0-E2D4D604F247}.DVD-5|Any CPU.Build.0 = Debug|Any CPU
		{E2338846-6B5F-4A75-B9A0-E2D4D604F247}.Release|Any CPU.ActiveCfg = Release|Any CPU
		{E2338846-6B5F-4A75-B9A0-E2D4D604F247}.Release|Any CPU.Build.0 = Release|Any CPU
		{E2338846-6B5F-4A75-B9A0-E2D4D604F247}.SingleImage|Any CPU.ActiveCfg = Release|Any CPU
		{E2338846-6B5F-4A75-B9A0-E2D4D604F247}.SingleImage|Any CPU.Build.0 = Release|Any CPU
		{AFA3A710-5D81-4D2A-AA64-EDF251F733D4}.CD_ROM|Any CPU.ActiveCfg = Release|Any CPU
		{AFA3A710-5D81-4D2A-AA64-EDF251F733D4}.CD_ROM|Any CPU.Build.0 = Release|Any CPU
		{AFA3A710-5D81-4D2A-AA64-EDF251F733D4}.Debug|Any CPU.ActiveCfg = Debug|Any CPU
		{AFA3A710-5D81-4D2A-AA64-EDF251F733D4}.Debug|Any CPU.Build.0 = Debug|Any CPU
		{AFA3A710-5D81-4D2A-AA64-EDF251F733D4}.DVD-5|Any CPU.ActiveCfg = Debug|Any CPU
		{AFA3A710-5D81-4D2A-AA64-EDF251F733D4}.DVD-5|Any CPU.Build.0 = Debug|Any CPU
		{AFA3A710-5D81-4D2A-AA64-EDF251F733D4}.Release|Any CPU.ActiveCfg = Release|Any CPU
		{AFA3A710-5D81-4D2A-AA64-EDF251F733D4}.Release|Any CPU.Build.0 = Release|Any CPU
		{AFA3A710-5D81-4D2A-AA64-EDF251F733D4}.SingleImage|Any CPU.ActiveCfg = Release|Any CPU
		{AFA3A710-5D81-4D2A-AA64-EDF251F733D4}.SingleImage|Any CPU.Build.0 = Release|Any CPU
		{7CDF57AE-1F49-4DFB-BEE2-73233A1753D0}.CD_ROM|Any CPU.ActiveCfg = Release|Any CPU
		{7CDF57AE-1F49-4DFB-BEE2-73233A1753D0}.CD_ROM|Any CPU.Build.0 = Release|Any CPU
		{7CDF57AE-1F49-4DFB-BEE2-73233A1753D0}.Debug|Any CPU.ActiveCfg = Debug|Any CPU
		{7CDF57AE-1F49-4DFB-BEE2-73233A1753D0}.Debug|Any CPU.Build.0 = Debug|Any CPU
		{7CDF57AE-1F49-4DFB-BEE2-73233A1753D0}.DVD-5|Any CPU.ActiveCfg = Debug|Any CPU
		{7CDF57AE-1F49-4DFB-BEE2-73233A1753D0}.DVD-5|Any CPU.Build.0 = Debug|Any CPU
		{7CDF57AE-1F49-4DFB-BEE2-73233A1753D0}.Release|Any CPU.ActiveCfg = Release|Any CPU
		{7CDF57AE-1F49-4DFB-BEE2-73233A1753D0}.Release|Any CPU.Build.0 = Release|Any CPU
		{7CDF57AE-1F49-4DFB-BEE2-73233A1753D0}.SingleImage|Any CPU.ActiveCfg = Release|Any CPU
		{7CDF57AE-1F49-4DFB-BEE2-73233A1753D0}.SingleImage|Any CPU.Build.0 = Release|Any CPU
		{03A8075C-201B-4E68-8665-3FC9EF08F511}.CD_ROM|Any CPU.ActiveCfg = Release|Any CPU
		{03A8075C-201B-4E68-8665-3FC9EF08F511}.CD_ROM|Any CPU.Build.0 = Release|Any CPU
		{03A8075C-201B-4E68-8665-3FC9EF08F511}.Debug|Any CPU.ActiveCfg = Debug|Any CPU
		{03A8075C-201B-4E68-8665-3FC9EF08F511}.Debug|Any CPU.Build.0 = Debug|Any CPU
		{03A8075C-201B-4E68-8665-3FC9EF08F511}.DVD-5|Any CPU.ActiveCfg = Debug|Any CPU
		{03A8075C-201B-4E68-8665-3FC9EF08F511}.DVD-5|Any CPU.Build.0 = Debug|Any CPU
		{03A8075C-201B-4E68-8665-3FC9EF08F511}.Release|Any CPU.ActiveCfg = Release|Any CPU
		{03A8075C-201B-4E68-8665-3FC9EF08F511}.Release|Any CPU.Build.0 = Release|Any CPU
		{03A8075C-201B-4E68-8665-3FC9EF08F511}.SingleImage|Any CPU.ActiveCfg = Release|Any CPU
		{03A8075C-201B-4E68-8665-3FC9EF08F511}.SingleImage|Any CPU.Build.0 = Release|Any CPU
		{B2637B58-6177-48BA-8A72-413D74E82D43}.CD_ROM|Any CPU.ActiveCfg = Release|Any CPU
		{B2637B58-6177-48BA-8A72-413D74E82D43}.CD_ROM|Any CPU.Build.0 = Release|Any CPU
		{B2637B58-6177-48BA-8A72-413D74E82D43}.Debug|Any CPU.ActiveCfg = Debug|Any CPU
		{B2637B58-6177-48BA-8A72-413D74E82D43}.Debug|Any CPU.Build.0 = Debug|Any CPU
		{B2637B58-6177-48BA-8A72-413D74E82D43}.DVD-5|Any CPU.ActiveCfg = Debug|Any CPU
		{B2637B58-6177-48BA-8A72-413D74E82D43}.DVD-5|Any CPU.Build.0 = Debug|Any CPU
		{B2637B58-6177-48BA-8A72-413D74E82D43}.Release|Any CPU.ActiveCfg = Release|Any CPU
		{B2637B58-6177-48BA-8A72-413D74E82D43}.Release|Any CPU.Build.0 = Release|Any CPU
		{B2637B58-6177-48BA-8A72-413D74E82D43}.SingleImage|Any CPU.ActiveCfg = Release|Any CPU
		{B2637B58-6177-48BA-8A72-413D74E82D43}.SingleImage|Any CPU.Build.0 = Release|Any CPU
		{FCD5A299-C525-4966-8B92-1B2F78B78517}.CD_ROM|Any CPU.ActiveCfg = Release|Any CPU
		{FCD5A299-C525-4966-8B92-1B2F78B78517}.CD_ROM|Any CPU.Build.0 = Release|Any CPU
		{FCD5A299-C525-4966-8B92-1B2F78B78517}.Debug|Any CPU.ActiveCfg = Debug|Any CPU
		{FCD5A299-C525-4966-8B92-1B2F78B78517}.Debug|Any CPU.Build.0 = Debug|Any CPU
		{FCD5A299-C525-4966-8B92-1B2F78B78517}.DVD-5|Any CPU.ActiveCfg = Debug|Any CPU
		{FCD5A299-C525-4966-8B92-1B2F78B78517}.DVD-5|Any CPU.Build.0 = Debug|Any CPU
		{FCD5A299-C525-4966-8B92-1B2F78B78517}.Release|Any CPU.ActiveCfg = Release|Any CPU
		{FCD5A299-C525-4966-8B92-1B2F78B78517}.Release|Any CPU.Build.0 = Release|Any CPU
		{FCD5A299-C525-4966-8B92-1B2F78B78517}.SingleImage|Any CPU.ActiveCfg = Release|Any CPU
		{FCD5A299-C525-4966-8B92-1B2F78B78517}.SingleImage|Any CPU.Build.0 = Release|Any CPU
		{BB80950E-E433-43A7-8382-14A0A8AD46E7}.CD_ROM|Any CPU.ActiveCfg = Release|Any CPU
		{BB80950E-E433-43A7-8382-14A0A8AD46E7}.CD_ROM|Any CPU.Build.0 = Release|Any CPU
		{BB80950E-E433-43A7-8382-14A0A8AD46E7}.Debug|Any CPU.ActiveCfg = Debug|Any CPU
		{BB80950E-E433-43A7-8382-14A0A8AD46E7}.Debug|Any CPU.Build.0 = Debug|Any CPU
		{BB80950E-E433-43A7-8382-14A0A8AD46E7}.DVD-5|Any CPU.ActiveCfg = Debug|Any CPU
		{BB80950E-E433-43A7-8382-14A0A8AD46E7}.DVD-5|Any CPU.Build.0 = Debug|Any CPU
		{BB80950E-E433-43A7-8382-14A0A8AD46E7}.Release|Any CPU.ActiveCfg = Release|Any CPU
		{BB80950E-E433-43A7-8382-14A0A8AD46E7}.Release|Any CPU.Build.0 = Release|Any CPU
		{BB80950E-E433-43A7-8382-14A0A8AD46E7}.SingleImage|Any CPU.ActiveCfg = Release|Any CPU
		{BB80950E-E433-43A7-8382-14A0A8AD46E7}.SingleImage|Any CPU.Build.0 = Release|Any CPU
		{0F803190-195E-4302-BA35-FAFAC60B3BED}.CD_ROM|Any CPU.ActiveCfg = Release|Any CPU
		{0F803190-195E-4302-BA35-FAFAC60B3BED}.Debug|Any CPU.ActiveCfg = Debug|Any CPU
		{0F803190-195E-4302-BA35-FAFAC60B3BED}.Debug|Any CPU.Build.0 = Debug|Any CPU
		{0F803190-195E-4302-BA35-FAFAC60B3BED}.DVD-5|Any CPU.ActiveCfg = Debug|Any CPU
		{0F803190-195E-4302-BA35-FAFAC60B3BED}.Release|Any CPU.ActiveCfg = Release|Any CPU
		{0F803190-195E-4302-BA35-FAFAC60B3BED}.Release|Any CPU.Build.0 = Release|Any CPU
		{0F803190-195E-4302-BA35-FAFAC60B3BED}.SingleImage|Any CPU.ActiveCfg = Release|Any CPU
		{577A75C1-0602-412D-B6E6-7801A1014A24}.CD_ROM|Any CPU.ActiveCfg = Release|Any CPU
		{577A75C1-0602-412D-B6E6-7801A1014A24}.Debug|Any CPU.ActiveCfg = Debug|Any CPU
		{577A75C1-0602-412D-B6E6-7801A1014A24}.Debug|Any CPU.Build.0 = Debug|Any CPU
		{577A75C1-0602-412D-B6E6-7801A1014A24}.DVD-5|Any CPU.ActiveCfg = Debug|Any CPU
		{577A75C1-0602-412D-B6E6-7801A1014A24}.Release|Any CPU.ActiveCfg = Release|Any CPU
		{577A75C1-0602-412D-B6E6-7801A1014A24}.Release|Any CPU.Build.0 = Release|Any CPU
		{577A75C1-0602-412D-B6E6-7801A1014A24}.SingleImage|Any CPU.ActiveCfg = Release|Any CPU
		{802962E0-9C3A-4C76-8856-CC265D9B83F2}.CD_ROM|Any CPU.ActiveCfg = Release|Any CPU
		{802962E0-9C3A-4C76-8856-CC265D9B83F2}.CD_ROM|Any CPU.Build.0 = Release|Any CPU
		{802962E0-9C3A-4C76-8856-CC265D9B83F2}.Debug|Any CPU.ActiveCfg = Debug|Any CPU
		{802962E0-9C3A-4C76-8856-CC265D9B83F2}.Debug|Any CPU.Build.0 = Debug|Any CPU
		{802962E0-9C3A-4C76-8856-CC265D9B83F2}.DVD-5|Any CPU.ActiveCfg = Debug|Any CPU
		{802962E0-9C3A-4C76-8856-CC265D9B83F2}.DVD-5|Any CPU.Build.0 = Debug|Any CPU
		{802962E0-9C3A-4C76-8856-CC265D9B83F2}.Release|Any CPU.ActiveCfg = Release|Any CPU
		{802962E0-9C3A-4C76-8856-CC265D9B83F2}.Release|Any CPU.Build.0 = Release|Any CPU
		{802962E0-9C3A-4C76-8856-CC265D9B83F2}.SingleImage|Any CPU.ActiveCfg = Release|Any CPU
		{802962E0-9C3A-4C76-8856-CC265D9B83F2}.SingleImage|Any CPU.Build.0 = Release|Any CPU
		{FC9D7F09-FF58-435D-A4A1-6996F7DE8A9C}.CD_ROM|Any CPU.ActiveCfg = Release|Any CPU
		{FC9D7F09-FF58-435D-A4A1-6996F7DE8A9C}.Debug|Any CPU.ActiveCfg = Debug|Any CPU
		{FC9D7F09-FF58-435D-A4A1-6996F7DE8A9C}.Debug|Any CPU.Build.0 = Debug|Any CPU
		{FC9D7F09-FF58-435D-A4A1-6996F7DE8A9C}.DVD-5|Any CPU.ActiveCfg = Debug|Any CPU
		{FC9D7F09-FF58-435D-A4A1-6996F7DE8A9C}.Release|Any CPU.ActiveCfg = Release|Any CPU
		{FC9D7F09-FF58-435D-A4A1-6996F7DE8A9C}.Release|Any CPU.Build.0 = Release|Any CPU
		{FC9D7F09-FF58-435D-A4A1-6996F7DE8A9C}.SingleImage|Any CPU.ActiveCfg = Release|Any CPU
		{6186C227-4EE5-4801-BFAE-C4ABC9C4941F}.CD_ROM|Any CPU.ActiveCfg = Release|Any CPU
		{6186C227-4EE5-4801-BFAE-C4ABC9C4941F}.CD_ROM|Any CPU.Build.0 = Release|Any CPU
		{6186C227-4EE5-4801-BFAE-C4ABC9C4941F}.Debug|Any CPU.ActiveCfg = Debug|Any CPU
		{6186C227-4EE5-4801-BFAE-C4ABC9C4941F}.Debug|Any CPU.Build.0 = Debug|Any CPU
		{6186C227-4EE5-4801-BFAE-C4ABC9C4941F}.DVD-5|Any CPU.ActiveCfg = Debug|Any CPU
		{6186C227-4EE5-4801-BFAE-C4ABC9C4941F}.DVD-5|Any CPU.Build.0 = Debug|Any CPU
		{6186C227-4EE5-4801-BFAE-C4ABC9C4941F}.Release|Any CPU.ActiveCfg = Release|Any CPU
		{6186C227-4EE5-4801-BFAE-C4ABC9C4941F}.Release|Any CPU.Build.0 = Release|Any CPU
		{6186C227-4EE5-4801-BFAE-C4ABC9C4941F}.SingleImage|Any CPU.ActiveCfg = Release|Any CPU
		{6186C227-4EE5-4801-BFAE-C4ABC9C4941F}.SingleImage|Any CPU.Build.0 = Release|Any CPU
		{36229F47-8BF8-473F-B821-5F03364FA3E6}.CD_ROM|Any CPU.ActiveCfg = Release|Any CPU
		{36229F47-8BF8-473F-B821-5F03364FA3E6}.CD_ROM|Any CPU.Build.0 = Release|Any CPU
		{36229F47-8BF8-473F-B821-5F03364FA3E6}.Debug|Any CPU.ActiveCfg = Debug|Any CPU
		{36229F47-8BF8-473F-B821-5F03364FA3E6}.Debug|Any CPU.Build.0 = Debug|Any CPU
		{36229F47-8BF8-473F-B821-5F03364FA3E6}.DVD-5|Any CPU.ActiveCfg = Debug|Any CPU
		{36229F47-8BF8-473F-B821-5F03364FA3E6}.DVD-5|Any CPU.Build.0 = Debug|Any CPU
		{36229F47-8BF8-473F-B821-5F03364FA3E6}.Release|Any CPU.ActiveCfg = Release|Any CPU
		{36229F47-8BF8-473F-B821-5F03364FA3E6}.Release|Any CPU.Build.0 = Release|Any CPU
		{36229F47-8BF8-473F-B821-5F03364FA3E6}.SingleImage|Any CPU.ActiveCfg = Release|Any CPU
		{36229F47-8BF8-473F-B821-5F03364FA3E6}.SingleImage|Any CPU.Build.0 = Release|Any CPU
		{516E87E1-E07C-4ED0-A6A8-2E6209FEAC03}.CD_ROM|Any CPU.ActiveCfg = Release|Any CPU
		{516E87E1-E07C-4ED0-A6A8-2E6209FEAC03}.CD_ROM|Any CPU.Build.0 = Release|Any CPU
		{516E87E1-E07C-4ED0-A6A8-2E6209FEAC03}.Debug|Any CPU.ActiveCfg = Debug|Any CPU
		{516E87E1-E07C-4ED0-A6A8-2E6209FEAC03}.Debug|Any CPU.Build.0 = Debug|Any CPU
		{516E87E1-E07C-4ED0-A6A8-2E6209FEAC03}.DVD-5|Any CPU.ActiveCfg = Debug|Any CPU
		{516E87E1-E07C-4ED0-A6A8-2E6209FEAC03}.DVD-5|Any CPU.Build.0 = Debug|Any CPU
		{516E87E1-E07C-4ED0-A6A8-2E6209FEAC03}.Release|Any CPU.ActiveCfg = Release|Any CPU
		{516E87E1-E07C-4ED0-A6A8-2E6209FEAC03}.Release|Any CPU.Build.0 = Release|Any CPU
		{516E87E1-E07C-4ED0-A6A8-2E6209FEAC03}.SingleImage|Any CPU.ActiveCfg = Release|Any CPU
		{516E87E1-E07C-4ED0-A6A8-2E6209FEAC03}.SingleImage|Any CPU.Build.0 = Release|Any CPU
	EndGlobalSection
	GlobalSection(SolutionProperties) = preSolution
		HideSolutionNode = FALSE
	EndGlobalSection
EndGlobal
